
Microsoft Visual Studio Solution File, Format Version 12.00
# Visual Studio 2012
Project("{8BC9CEB8-8B4A-11D0-8D11-00A0C91BC942}") = "ED3_Research_Project", "ED3_Research_Project.vcxproj", "{A978FEE8-8F2A-4509-8F3D-5FF2F89356F5}"
EndProject
Global
	GlobalSection(SolutionConfigurationPlatforms) = preSolution
		Debug|Win32 = Debug|Win32
		Release|Win32 = Release|Win32
	EndGlobalSection
	GlobalSection(ProjectConfigurationPlatforms) = postSolution
		{A978FEE8-8F2A-4509-8F3D-5FF2F89356F5}.Debug|Win32.ActiveCfg = Debug|Win32
		{A978FEE8-8F2A-4509-8F3D-5FF2F89356F5}.Debug|Win32.Build.0 = Debug|Win32
		{A978FEE8-8F2A-4509-8F3D-5FF2F89356F5}.Release|Win32.ActiveCfg = Release|Win32
		{A978FEE8-8F2A-4509-8F3D-5FF2F89356F5}.Release|Win32.Build.0 = Release|Win32
	EndGlobalSection
	GlobalSection(SolutionProperties) = preSolution
		HideSolutionNode = FALSE
	EndGlobalSection
EndGlobal
